
Microsoft Visual Studio Solution File, Format Version 12.00
# Visual Studio Version 16
VisualStudioVersion = 16.0.31515.178
MinimumVisualStudioVersion = 10.0.40219.1
Project("{9A19103F-16F7-4668-BE54-9A1E7A4F7556}") = "CalcTests", "CalcTests\CalcTests.csproj", "{E9458686-EE3C-42B5-97A1-D108DBF22268}"
EndProject
Project("{9A19103F-16F7-4668-BE54-9A1E7A4F7556}") = "Operations", "Operations\Operations.csproj", "{1554A04F-51D7-47E7-8154-0367017D5D3F}"
EndProject
Project("{9A19103F-16F7-4668-BE54-9A1E7A4F7556}") = "Program", "Program\Program.csproj", "{FE695091-3E89-48EA-B27F-1452856B4562}"
EndProject
Global
	GlobalSection(SolutionConfigurationPlatforms) = preSolution
		Debug|Any CPU = Debug|Any CPU
		Release|Any CPU = Release|Any CPU
	EndGlobalSection
	GlobalSection(ProjectConfigurationPlatforms) = postSolution
		{E9458686-EE3C-42B5-97A1-D108DBF22268}.Debug|Any CPU.ActiveCfg = Debug|Any CPU
		{E9458686-EE3C-42B5-97A1-D108DBF22268}.Debug|Any CPU.Build.0 = Debug|Any CPU
		{E9458686-EE3C-42B5-97A1-D108DBF22268}.Release|Any CPU.ActiveCfg = Release|Any CPU
		{E9458686-EE3C-42B5-97A1-D108DBF22268}.Release|Any CPU.Build.0 = Release|Any CPU
		{1554A04F-51D7-47E7-8154-0367017D5D3F}.Debug|Any CPU.ActiveCfg = Debug|Any CPU
		{1554A04F-51D7-47E7-8154-0367017D5D3F}.Debug|Any CPU.Build.0 = Debug|Any CPU
		{1554A04F-51D7-47E7-8154-0367017D5D3F}.Release|Any CPU.ActiveCfg = Release|Any CPU
		{1554A04F-51D7-47E7-8154-0367017D5D3F}.Release|Any CPU.Build.0 = Release|Any CPU
		{FE695091-3E89-48EA-B27F-1452856B4562}.Debug|Any CPU.ActiveCfg = Debug|Any CPU
		{FE695091-3E89-48EA-B27F-1452856B4562}.Debug|Any CPU.Build.0 = Debug|Any CPU
		{FE695091-3E89-48EA-B27F-1452856B4562}.Release|Any CPU.ActiveCfg = Release|Any CPU
		{FE695091-3E89-48EA-B27F-1452856B4562}.Release|Any CPU.Build.0 = Release|Any CPU
	EndGlobalSection
	GlobalSection(SolutionProperties) = preSolution
		HideSolutionNode = FALSE
	EndGlobalSection
	GlobalSection(ExtensibilityGlobals) = postSolution
		SolutionGuid = {22E9D01F-4B98-4784-922D-017BD8700542}
	EndGlobalSection
EndGlobal
